
Microsoft Visual Studio Solution File, Format Version 12.00
# Visual Studio Version 16
VisualStudioVersion = 16.0.30717.126
MinimumVisualStudioVersion = 10.0.40219.1
Project("{FAE04EC0-301F-11D3-BF4B-00C04F79EFBC}") = "MovieRental", "MovieRental\MovieRental.csproj", "{A7922F07-1055-46B4-B6A8-72C82711741A}"
EndProject
Global
	GlobalSection(SolutionConfigurationPlatforms) = preSolution
		Debug|Any CPU = Debug|Any CPU
		Release|Any CPU = Release|Any CPU
	EndGlobalSection
	GlobalSection(ProjectConfigurationPlatforms) = postSolution
		{A7922F07-1055-46B4-B6A8-72C82711741A}.Debug|Any CPU.ActiveCfg = Debug|Any CPU
		{A7922F07-1055-46B4-B6A8-72C82711741A}.Debug|Any CPU.Build.0 = Debug|Any CPU
		{A7922F07-1055-46B4-B6A8-72C82711741A}.Release|Any CPU.ActiveCfg = Release|Any CPU
		{A7922F07-1055-46B4-B6A8-72C82711741A}.Release|Any CPU.Build.0 = Release|Any CPU
	EndGlobalSection
	GlobalSection(SolutionProperties) = preSolution
		HideSolutionNode = FALSE
	EndGlobalSection
	GlobalSection(ExtensibilityGlobals) = postSolution
		SolutionGuid = {D8EF5920-BC5A-479A-A5CC-8B5AF57C2072}
	EndGlobalSection
EndGlobal
